
Microsoft Visual Studio Solution File, Format Version 12.00
# Visual Studio Version 16
VisualStudioVersion = 16.0.810.11
MinimumVisualStudioVersion = 10.0.40219.1
Project("{FAE04EC0-301F-11D3-BF4B-00C04F79EFBC}") = "SearchMicroservice", "Search\SearchMicroservice.csproj", "{0BA8D655-5CA3-4865-A013-D9D749C728B1}"
EndProject
Project("{FAE04EC0-301F-11D3-BF4B-00C04F79EFBC}") = "SearchMicroserviceTest", "SearchMicroserviceTest\SearchMicroserviceTest.csproj", "{B6599C6D-2B9C-43D7-89DD-FC55DFBAB9BC}"
EndProject
Project("{FAE04EC0-301F-11D3-BF4B-00C04F79EFBC}") = "SearchWebserver", "SearchWebserver\SearchWebserver.csproj", "{60204AF8-F65E-4F15-A9CA-F212F8BF2B91}"
EndProject
Global
	GlobalSection(SolutionConfigurationPlatforms) = preSolution
		Debug|Any CPU = Debug|Any CPU
		Release|Any CPU = Release|Any CPU
	EndGlobalSection
	GlobalSection(ProjectConfigurationPlatforms) = postSolution
		{0BA8D655-5CA3-4865-A013-D9D749C728B1}.Debug|Any CPU.ActiveCfg = Debug|Any CPU
		{0BA8D655-5CA3-4865-A013-D9D749C728B1}.Debug|Any CPU.Build.0 = Debug|Any CPU
		{0BA8D655-5CA3-4865-A013-D9D749C728B1}.Release|Any CPU.ActiveCfg = Release|Any CPU
		{0BA8D655-5CA3-4865-A013-D9D749C728B1}.Release|Any CPU.Build.0 = Release|Any CPU
		{B6599C6D-2B9C-43D7-89DD-FC55DFBAB9BC}.Debug|Any CPU.ActiveCfg = Debug|Any CPU
		{B6599C6D-2B9C-43D7-89DD-FC55DFBAB9BC}.Debug|Any CPU.Build.0 = Debug|Any CPU
		{B6599C6D-2B9C-43D7-89DD-FC55DFBAB9BC}.Release|Any CPU.ActiveCfg = Release|Any CPU
		{B6599C6D-2B9C-43D7-89DD-FC55DFBAB9BC}.Release|Any CPU.Build.0 = Release|Any CPU
		{60204AF8-F65E-4F15-A9CA-F212F8BF2B91}.Debug|Any CPU.ActiveCfg = Debug|Any CPU
		{60204AF8-F65E-4F15-A9CA-F212F8BF2B91}.Debug|Any CPU.Build.0 = Debug|Any CPU
		{60204AF8-F65E-4F15-A9CA-F212F8BF2B91}.Release|Any CPU.ActiveCfg = Release|Any CPU
		{60204AF8-F65E-4F15-A9CA-F212F8BF2B91}.Release|Any CPU.Build.0 = Release|Any CPU
	EndGlobalSection
	GlobalSection(SolutionProperties) = preSolution
		HideSolutionNode = FALSE
	EndGlobalSection
	GlobalSection(ExtensibilityGlobals) = postSolution
		SolutionGuid = {305FD29D-BD32-4903-8A18-53CA120E4768}
	EndGlobalSection
EndGlobal
